
Microsoft Visual Studio Solution File, Format Version 12.00
# Visual Studio Version 17
VisualStudioVersion = 17.7.34031.279
MinimumVisualStudioVersion = 10.0.40219.1
Project("{FAE04EC0-301F-11D3-BF4B-00C04F79EFBC}") = "ShopWindow.Api", "ShopWindow.Api\ShopWindow.Api.csproj", "{5C2880E3-F0AB-4DEE-8CEB-F532B81870C9}"
EndProject
Global
	GlobalSection(SolutionConfigurationPlatforms) = preSolution
		Debug|Any CPU = Debug|Any CPU
		Release|Any CPU = Release|Any CPU
	EndGlobalSection
	GlobalSection(ProjectConfigurationPlatforms) = postSolution
		{5C2880E3-F0AB-4DEE-8CEB-F532B81870C9}.Debug|Any CPU.ActiveCfg = Debug|Any CPU
		{5C2880E3-F0AB-4DEE-8CEB-F532B81870C9}.Debug|Any CPU.Build.0 = Debug|Any CPU
		{5C2880E3-F0AB-4DEE-8CEB-F532B81870C9}.Release|Any CPU.ActiveCfg = Release|Any CPU
		{5C2880E3-F0AB-4DEE-8CEB-F532B81870C9}.Release|Any CPU.Build.0 = Release|Any CPU
	EndGlobalSection
	GlobalSection(SolutionProperties) = preSolution
		HideSolutionNode = FALSE
	EndGlobalSection
	GlobalSection(ExtensibilityGlobals) = postSolution
		SolutionGuid = {5B7F796C-A062-499D-A9E5-4DF7C3850B0B}
	EndGlobalSection
EndGlobal
